PODS:
  - FlutterMacOS (1.0.0)
  - state_widget (0.0.1):
    - FlutterMacOS

DEPENDENCIES:
  - FlutterMacOS (from `Flutter/ephemeral`)
  - state_widget (from `Flutter/ephemeral/.symlinks/plugins/state_widget/macos`)

EXTERNAL SOURCES:
  FlutterMacOS:
    :path: Flutter/ephemeral
  state_widget:
    :path: Flutter/ephemeral/.symlinks/plugins/state_widget/macos

SPEC CHECKSUMS:
  FlutterMacOS: 8f6f14fa908a6fb3fba0cd85dbd81ec4b251fb24
  state_widget: 395f82a66d19526d5c5fc79b81d25178dedda10f

PODFILE CHECKSUM: 236401fc2c932af29a9fcf0e97baeeb2d750d367

COCOAPODS: 1.14.2
